// !$*UTF8*$!
{
	archiveVersion = 1;
	classes = {
	};
	objectVersion = 46;
	objects = {

/* Begin PBXBuildFile section */
		ABA117B31C4E6A84003BD040 /* AppDelegate.swift in Sources */ = {isa = PBXBuildFile; fileRef = ABA117B21C4E6A84003BD040 /* AppDelegate.swift */; };
		ABA117B51C4E6A84003BD040 /* ViewController.swift in Sources */ = {isa = PBXBuildFile; fileRef = ABA117B41C4E6A84003BD040 /* ViewController.swift */; };
		ABA117B81C4E6A84003BD040 /* Main.storyboard in Resources */ = {isa = PBXBuildFile; fileRef = ABA117B61C4E6A84003BD040 /* Main.storyboard */; };
		ABA117BA1C4E6A84003BD040 /* Assets.xcassets in Resources */ = {isa = PBXBuildFile; fileRef = ABA117B91C4E6A84003BD040 /* Assets.xcassets */; };
		ABA117BD1C4E6A84003BD040 /* LaunchScreen.storyboard in Resources */ = {isa = PBXBuildFile; fileRef = ABA117BB1C4E6A84003BD040 /* LaunchScreen.storyboard */; };
/* End PBXBuildFile section */

/* Begin PBXFileReference section */
		ABA117AF1C4E6A84003BD040 /* CustomSearchBar.app */ = {isa = PBXFileReference; explicitFileType = wrapper.application; includeInIndex = 0; path = CustomSearchBar.app; sourceTree = BUILT_PRODUCTS_DIR; };
		ABA117B21C4E6A84003BD040 /* AppDelegate.swift */ = {isa = PBXFileReference; lastKnownFileType = sourcecode.swift; path = AppDelegate.swift; sourceTree = "<group>"; };
		ABA117B41C4E6A84003BD040 /* ViewController.swift */ = {isa = PBXFileReference; lastKnownFileType = sourcecode.swift; path = ViewController.swift; sourceTree = "<group>"; };
		ABA117B71C4E6A84003BD040 /* Base */ = {isa = PBXFileReference; lastKnownFileType = file.storyboard; name = Base; path = Base.lproj/Main.storyboard; sourceTree = "<group>"; };
		ABA117B91C4E6A84003BD040 /* Assets.xcassets */ = {isa = PBXFileReference; lastKnownFileType = folder.assetcatalog; path = Assets.xcassets; sourceTree = "<group>"; };
		ABA117BC1C4E6A84003BD040 /* Base */ = {isa = PBXFileReference; lastKnownFileType = file.storyboard; name = Base; path = Base.lproj/LaunchScreen.storyboard; sourceTree = "<group>"; };
		ABA117BE1C4E6A84003BD040 /* Info.plist */ = {isa = PBXFileReference; lastKnownFileType = text.plist.xml; path = Info.plist; sourceTree = "<group>"; };
/* End PBXFileReference section */

/* Begin PBXFrameworksBuildPhase section */
		ABA117AC1C4E6A84003BD040 /* Frameworks */ = {
			isa = PBXFrameworksBuildPhase;
			buildActionMask = 2147483647;
			files = (
			);
			runOnlyForDeploymentPostprocessing = 0;
		};
/* End PBXFrameworksBuildPhase section */

/* Begin PBXGroup section */
		ABA117A61C4E6A84003BD040 = {
			isa = PBXGroup;
			children = (
				ABA117B11C4E6A84003BD040 /* CustomSearchBar */,
				ABA117B01C4E6A84003BD040 /* Products */,
			);
			sourceTree = "<group>";
		};
		ABA117B01C4E6A84003BD040 /* Products */ = {
			isa = PBXGroup;
			children = (
				ABA117AF1C4E6A84003BD040 /* CustomSearchBar.app */,
			);
			name = Products;
			sourceTree = "<group>";
		};
		ABA117B11C4E6A84003BD040 /* CustomSearchBar */ = {
			isa = PBXGroup;
			children = (
				ABA117B21C4E6A84003BD040 /* AppDelegate.swift */,
				ABA117B41C4E6A84003BD040 /* ViewController.swift */,
				ABA117B61C4E6A84003BD040 /* Main.storyboard */,
				ABA117B91C4E6A84003BD040 /* Assets.xcassets */,
				ABA117BB1C4E6A84003BD040 /* LaunchScreen.storyboard */,
				ABA117BE1C4E6A84003BD040 /* Info.plist */,
			);
			path = CustomSearchBar;
			sourceTree = "<group>";
		};
/* End PBXGroup section */

/* Begin PBXNativeTarget section */
		ABA117AE1C4E6A84003BD040 /* CustomSearchBar */ = {
			isa = PBXNativeTarget;
			buildConfigurationList = ABA117C11C4E6A84003BD040 /* Build configuration list for PBXNativeTarget "CustomSearchBar" */;
			buildPhases = (
				ABA117AB1C4E6A84003BD040 /* Sources */,
				ABA117AC1C4E6A84003BD040 /* Frameworks */,
				ABA117AD1C4E6A84003BD040 /* Resources */,
			);
			buildRules = (
			);
			dependencies = (
			);
			name = CustomSearchBar;
			productName = CustomSearchBar;
			productReference = ABA117AF1C4E6A84003BD040 /* CustomSearchBar.app */;
			productType = "com.apple.product-type.application";
		};
/* End PBXNativeTarget section */

/* Begin PBXProject section */
		ABA117A71C4E6A84003BD040 /* Project object */ = {
			isa = PBXProject;
			attributes = {
				LastSwiftUpdateCheck = 0710;
				LastUpgradeCheck = 0710;
				ORGANIZATIONNAME = "Alexander Blokhin";
				TargetAttributes = {
					ABA117AE1C4E6A84003BD040 = {
						CreatedOnToolsVersion = 7.1.1;
					};
				};
			};
			buildConfigurationList = ABA117AA1C4E6A84003BD040 /* Build configuration list for PBXProject "CustomSearchBar" */;
			compatibilityVersion = "Xcode 3.2";
			developmentRegion = English;
			hasScannedForEncodings = 0;
			knownRegions = (
				en,
				Base,
			);
			mainGroup = ABA117A61C4E6A84003BD040;
			productRefGroup = ABA117B01C4E6A84003BD040 /* Products */;
			projectDirPath = "";
			projectRoot = "";
			targets = (
				ABA117AE1C4E6A84003BD040 /* CustomSearchBar */,
			);
		};
/* End PBXProject section */

/* Begin PBXResourcesBuildPhase section */
		ABA117AD1C4E6A84003BD040 /* Resources */ = {
			isa = PBXResourcesBuildPhase;
			buildActionMask = 2147483647;
			files = (
				ABA117BD1C4E6A84003BD040 /* LaunchScreen.storyboard in Resources */,
				ABA117BA1C4E6A84003BD040 /* Assets.xcassets in Resources */,
				ABA117B81C4E6A84003BD040 /* Main.storyboard in Resources */,
			);
			runOnlyForDeploymentPostprocessing = 0;
		};
/* End PBXResourcesBuildPhase section */

/* Begin PBXSourcesBuildPhase section */
		ABA117AB1C4E6A84003BD040 /* Sources */ = {
			isa = PBXSourcesBuildPhase;
			buildActionMask = 2147483647;
			files = (
				ABA117B51C4E6A84003BD040 /* ViewController.swift in Sources */,
				ABA117B31C4E6A84003BD040 /* AppDelegate.swift in Sources */,
			);
			runOnlyForDeploymentPostprocessing = 0;
		};
/* End PBXSourcesBuildPhase section */

/* Begin PBXVariantGroup section */
		ABA117B61C4E6A84003BD040 /* Main.storyboard */ = {
			isa = PBXVariantGroup;
			children = (
				ABA117B71C4E6A84003BD040 /* Base */,
			);
			name = Main.storyboard;
			sourceTree = "<group>";
		};
		ABA117BB1C4E6A84003BD040 /* LaunchScreen.storyboard */ = {
			isa = PBXVariantGroup;
			children = (
				ABA117BC1C4E6A84003BD040 /* Base */,
			);
			name = LaunchScreen.storyboard;
			sourceTree = "<group>";
		};
/* End PBXVariantGroup section */

/* Begin XCBuildConfiguration section */
		ABA117BF1C4E6A84003BD040 /* Debug */ = {
			isa = XCBuildConfiguration;
			buildSettings = {
				ALWAYS_SEARCH_USER_PATHS = NO;
				CLANG_CXX_LANGUAGE_STANDARD = "gnu++0x";
				CLANG_CXX_LIBRARY = "libc++";
				CLANG_ENABLE_MODULES = YES;
				CLANG_ENABLE_OBJC_ARC = YES;
				CLANG_WARN_BOOL_CONVERSION = YES;
				CLANG_WARN_CONSTANT_CONVERSION = YES;
				CLANG_WARN_DIRECT_OBJC_ISA_USAGE = YES_ERROR;
				CLANG_WARN_EMPTY_BODY = YES;
				CLANG_WARN_ENUM_CONVERSION = YES;
				CLANG_WARN_INT_CONVERSION = YES;
				CLANG_WARN_OBJC_ROOT_CLASS = YES_ERROR;
				CLANG_WARN_UNREACHABLE_CODE = YES;
				CLANG_WARN__DUPLICATE_METHOD_MATCH = YES;
				"CODE_SIGN_IDENTITY[sdk=iphoneos*]" = "iPhone Developer";
				COPY_PHASE_STRIP = NO;
				DEBUG_INFORMATION_FORMAT = dwarf;
				ENABLE_STRICT_OBJC_MSGSEND = YES;
				ENABLE_TESTABILITY = YES;
				GCC_C_LANGUAGE_STANDARD = gnu99;
				GCC_DYNAMIC_NO_PIC = NO;
				GCC_NO_COMMON_BLOCKS = YES;
				GCC_OPTIMIZATION_LEVEL = 0;
				GCC_PREPROCESSOR_DEFINITIONS = (
					"DEBUG=1",
					"$(inherited)",
				);
				GCC_WARN_64_TO_32_BIT_CONVERSION = YES;
				GCC_WARN_ABOUT_RETURN_TYPE = YES_ERROR;
				GCC_WARN_UNDECLARED_SELECTOR = YES;
				GCC_WARN_UNINITIALIZED_AUTOS = YES_AGGRESSIVE;
				GCC_WARN_UNUSED_FUNCTION = YES;
				GCC_WARN_UNUSED_VARIABLE = YES;
				IPHONEOS_DEPLOYMENT_TARGET = 9.1;
				MTL_ENABLE_DEBUG_INFO = YES;
				ONLY_ACTIVE_ARCH = YES;
				SDKROOT = iphoneos;
				SWIFT_OPTIMIZATION_LEVEL = "-Onone";
			};
			name = Debug;
		};
		ABA117C01C4E6A84003BD040 /* Release */ = {
			isa = XCBuildConfiguration;
			buildSettings = {
				ALWAYS_SEARCH_USER_PATHS = NO;
				CLANG_CXX_LANGUAGE_STANDARD = "gnu++0x";
				CLANG_CXX_LIBRARY = "libc++";
				CLANG_ENABLE_MODULES = YES;
				CLANG_ENABLE_OBJC_ARC = YES;
				CLANG_WARN_BOOL_CONVERSION = YES;
				CLANG_WARN_CONSTANT_CONVERSION = YES;
				CLANG_WARN_DIRECT_OBJC_ISA_USAGE = YES_ERROR;
				CLANG_WARN_EMPTY_BODY = YES;
				CLANG_WARN_ENUM_CONVERSION = YES;
				CLANG_WARN_INT_CONVERSION = YES;
				CLANG_WARN_OBJC_ROOT_CLASS = YES_ERROR;
				CLANG_WARN_UNREACHABLE_CODE = YES;
				CLANG_WARN__DUPLICATE_METHOD_MATCH = YES;
				"CODE_SIGN_IDENTITY[sdk=iphoneos*]" = "iPhone Developer";
				COPY_PHASE_STRIP = NO;
				DEBUG_INFORMATION_FORMAT = "dwarf-with-dsym";
				ENABLE_NS_ASSERTIONS = NO;
				ENABLE_STRICT_OBJC_MSGSEND = YES;
				GCC_C_LANGUAGE_STANDARD = gnu99;
				GCC_NO_COMMON_BLOCKS = YES;
				GCC_WARN_64_TO_32_BIT_CONVERSION = YES;
				GCC_WARN_ABOUT_RETURN_TYPE = YES_ERROR;
				GCC_WARN_UNDECLARED_SELECTOR = YES;
				GCC_WARN_UNINITIALIZED_AUTOS = YES_AGGRESSIVE;
				GCC_WARN_UNUSED_FUNCTION = YES;
				GCC_WARN_UNUSED_VARIABLE = YES;
				IPHONEOS_DEPLOYMENT_TARGET = 9.1;
				MTL_ENABLE_DEBUG_INFO = NO;
				SDKROOT = iphoneos;
				VALIDATE_PRODUCT = YES;
			};
			name = Release;
		};
		ABA117C21C4E6A84003BD040 /* Debug */ = {
			isa = XCBuildConfiguration;
			buildSettings = {
				ASSETCATALOG_COMPILER_APPICON_NAME = AppIcon;
				INFOPLIST_FILE = CustomSearchBar/Info.plist;
				LD_RUNPATH_SEARCH_PATHS = "$(inherited) @executable_path/Frameworks";
				PRODUCT_BUNDLE_IDENTIFIER = com.jampps.CustomSearchBar;
				PRODUCT_NAME = "$(TARGET_NAME)";
			};
			name = Debug;
		};
		ABA117C31C4E6A84003BD040 /* Release */ = {
			isa = XCBuildConfiguration;
			buildSettings = {
				ASSETCATALOG_COMPILER_APPICON_NAME = AppIcon;
				INFOPLIST_FILE = CustomSearchBar/Info.plist;
				LD_RUNPATH_SEARCH_PATHS = "$(inherited) @executable_path/Frameworks";
				PRODUCT_BUNDLE_IDENTIFIER = com.jampps.CustomSearchBar;
				PRODUCT_NAME = "$(TARGET_NAME)";
			};
			name = Release;
		};
/* End XCBuildConfiguration section */

/* Begin XCConfigurationList section */
		ABA117AA1C4E6A84003BD040 /* Build configuration list for PBXProject "CustomSearchBar" */ = {
			isa = XCConfigurationList;
			buildConfigurations = (
				ABA117BF1C4E6A84003BD040 /* Debug */,
				ABA117C01C4E6A84003BD040 /* Release */,
			);
			defaultConfigurationIsVisible = 0;
			defaultConfigurationName = Release;
		};
		ABA117C11C4E6A84003BD040 /* Build configuration list for PBXNativeTarget "CustomSearchBar" */ = {
			isa = XCConfigurationList;
			buildConfigurations = (
				ABA117C21C4E6A84003BD040 /* Debug */,
				ABA117C31C4E6A84003BD040 /* Release */,
			);
			defaultConfigurationIsVisible = 0;
		};
/* End XCConfigurationList section */
	};
	rootObject = ABA117A71C4E6A84003BD040 /* Project object */;
}
